// !$*UTF8*$!
{
	archiveVersion = 1;
	classes = {
	};
	objectVersion = 56;
	objects = {

/* Begin PBXBuildFile section */
		C5DDCB032C441D8C005FB70C /* AppDelegate.swift in Sources */ = {isa = PBXBuildFile; fileRef = C5DDCB022C441D8C005FB70C /* AppDelegate.swift */; };
		C5DDCB052C441D8C005FB70C /* SceneDelegate.swift in Sources */ = {isa = PBXBuildFile; fileRef = C5DDCB042C441D8C005FB70C /* SceneDelegate.swift */; };
		C5DDCB072C441D8C005FB70C /* TabViewController.swift in Sources */ = {isa = PBXBuildFile; fileRef = C5DDCB062C441D8C005FB70C /* TabViewController.swift */; };
		C5DDCB0C2C441D8E005FB70C /* Assets.xcassets in Resources */ = {isa = PBXBuildFile; fileRef = C5DDCB0B2C441D8E005FB70C /* Assets.xcassets */; };
		C5DDCB0F2C441D8E005FB70C /* LaunchScreen.storyboard in Resources */ = {isa = PBXBuildFile; fileRef = C5DDCB0D2C441D8E005FB70C /* LaunchScreen.storyboard */; };
		C5DDCB1F2C442684005FB70C /* Location.swift in Sources */ = {isa = PBXBuildFile; fileRef = C5DDCB1E2C442684005FB70C /* Location.swift */; };
		C5DDCB212C4426E3005FB70C /* Character.swift in Sources */ = {isa = PBXBuildFile; fileRef = C5DDCB202C4426E3005FB70C /* Character.swift */; };
		C5DDCB242C444712005FB70C /* CharacterViewController.swift in Sources */ = {isa = PBXBuildFile; fileRef = C5DDCB232C444712005FB70C /* CharacterViewController.swift */; };
		C5DDCB272C44473E005FB70C /* LocationViewController.swift in Sources */ = {isa = PBXBuildFile; fileRef = C5DDCB262C44473E005FB70C /* LocationViewController.swift */; };
		C5DDCB292C444754005FB70C /* EpisodeViewController.swift in Sources */ = {isa = PBXBuildFile; fileRef = C5DDCB282C444754005FB70C /* EpisodeViewController.swift */; };
		C5DDCB2B2C44476A005FB70C /* SettingsViewController.swift in Sources */ = {isa = PBXBuildFile; fileRef = C5DDCB2A2C44476A005FB70C /* SettingsViewController.swift */; };
/* End PBXBuildFile section */

/* Begin PBXFileReference section */
		C5DDCAFF2C441D8C005FB70C /* ios-rick-and-morty-api.app */ = {isa = PBXFileReference; explicitFileType = wrapper.application; includeInIndex = 0; path = "ios-rick-and-morty-api.app"; sourceTree = BUILT_PRODUCTS_DIR; };
		C5DDCB022C441D8C005FB70C /* AppDelegate.swift */ = {isa = PBXFileReference; lastKnownFileType = sourcecode.swift; path = AppDelegate.swift; sourceTree = "<group>"; };
		C5DDCB042C441D8C005FB70C /* SceneDelegate.swift */ = {isa = PBXFileReference; lastKnownFileType = sourcecode.swift; path = SceneDelegate.swift; sourceTree = "<group>"; };
		C5DDCB062C441D8C005FB70C /* TabViewController.swift */ = {isa = PBXFileReference; lastKnownFileType = sourcecode.swift; path = TabViewController.swift; sourceTree = "<group>"; };
		C5DDCB0B2C441D8E005FB70C /* Assets.xcassets */ = {isa = PBXFileReference; lastKnownFileType = folder.assetcatalog; path = Assets.xcassets; sourceTree = "<group>"; };
		C5DDCB0E2C441D8E005FB70C /* Base */ = {isa = PBXFileReference; lastKnownFileType = file.storyboard; name = Base; path = Base.lproj/LaunchScreen.storyboard; sourceTree = "<group>"; };
		C5DDCB102C441D8E005FB70C /* Info.plist */ = {isa = PBXFileReference; lastKnownFileType = text.plist.xml; path = Info.plist; sourceTree = "<group>"; };
		C5DDCB1E2C442684005FB70C /* Location.swift */ = {isa = PBXFileReference; lastKnownFileType = sourcecode.swift; path = Location.swift; sourceTree = "<group>"; };
		C5DDCB202C4426E3005FB70C /* Character.swift */ = {isa = PBXFileReference; lastKnownFileType = sourcecode.swift; path = Character.swift; sourceTree = "<group>"; };
		C5DDCB232C444712005FB70C /* CharacterViewController.swift */ = {isa = PBXFileReference; lastKnownFileType = sourcecode.swift; path = CharacterViewController.swift; sourceTree = "<group>"; };
		C5DDCB262C44473E005FB70C /* LocationViewController.swift */ = {isa = PBXFileReference; lastKnownFileType = sourcecode.swift; path = LocationViewController.swift; sourceTree = "<group>"; };
		C5DDCB282C444754005FB70C /* EpisodeViewController.swift */ = {isa = PBXFileReference; lastKnownFileType = sourcecode.swift; path = EpisodeViewController.swift; sourceTree = "<group>"; };
		C5DDCB2A2C44476A005FB70C /* SettingsViewController.swift */ = {isa = PBXFileReference; lastKnownFileType = sourcecode.swift; path = SettingsViewController.swift; sourceTree = "<group>"; };
/* End PBXFileReference section */

/* Begin PBXFrameworksBuildPhase section */
		C5DDCAFC2C441D8C005FB70C /* Frameworks */ = {
			isa = PBXFrameworksBuildPhase;
			buildActionMask = 2147483647;
			files = (
			);
			runOnlyForDeploymentPostprocessing = 0;
		};
/* End PBXFrameworksBuildPhase section */

/* Begin PBXGroup section */
		C5DDCAF62C441D8C005FB70C = {
			isa = PBXGroup;
			children = (
				C5DDCB012C441D8C005FB70C /* ios-rick-and-morty-api */,
				C5DDCB002C441D8C005FB70C /* Products */,
			);
			sourceTree = "<group>";
		};
		C5DDCB002C441D8C005FB70C /* Products */ = {
			isa = PBXGroup;
			children = (
				C5DDCAFF2C441D8C005FB70C /* ios-rick-and-morty-api.app */,
			);
			name = Products;
			sourceTree = "<group>";
		};
		C5DDCB012C441D8C005FB70C /* ios-rick-and-morty-api */ = {
			isa = PBXGroup;
			children = (
				C5DDCB1D2C442581005FB70C /* Resources */,
				C5DDCB1C2C44256E005FB70C /* Managers */,
				C5DDCB1B2C44255F005FB70C /* APIClient */,
				C5DDCB1A2C442543005FB70C /* ViewModels */,
				C5DDCB192C442539005FB70C /* Views */,
				C5DDCB182C442528005FB70C /* Models */,
				C5DDCB162C4424F4005FB70C /* Controllers */,
				C5DDCB102C441D8E005FB70C /* Info.plist */,
			);
			path = "ios-rick-and-morty-api";
			sourceTree = "<group>";
		};
		C5DDCB162C4424F4005FB70C /* Controllers */ = {
			isa = PBXGroup;
			children = (
				C5DDCB222C44468C005FB70C /* Core */,
			);
			path = Controllers;
			sourceTree = "<group>";
		};
		C5DDCB182C442528005FB70C /* Models */ = {
			isa = PBXGroup;
			children = (
				C5DDCB1E2C442684005FB70C /* Location.swift */,
				C5DDCB202C4426E3005FB70C /* Character.swift */,
			);
			path = Models;
			sourceTree = "<group>";
		};
		C5DDCB192C442539005FB70C /* Views */ = {
			isa = PBXGroup;
			children = (
			);
			path = Views;
			sourceTree = "<group>";
		};
		C5DDCB1A2C442543005FB70C /* ViewModels */ = {
			isa = PBXGroup;
			children = (
			);
			path = ViewModels;
			sourceTree = "<group>";
		};
		C5DDCB1B2C44255F005FB70C /* APIClient */ = {
			isa = PBXGroup;
			children = (
			);
			path = APIClient;
			sourceTree = "<group>";
		};
		C5DDCB1C2C44256E005FB70C /* Managers */ = {
			isa = PBXGroup;
			children = (
			);
			path = Managers;
			sourceTree = "<group>";
		};
		C5DDCB1D2C442581005FB70C /* Resources */ = {
			isa = PBXGroup;
			children = (
				C5DDCB0B2C441D8E005FB70C /* Assets.xcassets */,
				C5DDCB0D2C441D8E005FB70C /* LaunchScreen.storyboard */,
				C5DDCB022C441D8C005FB70C /* AppDelegate.swift */,
				C5DDCB042C441D8C005FB70C /* SceneDelegate.swift */,
			);
			path = Resources;
			sourceTree = "<group>";
		};
		C5DDCB222C44468C005FB70C /* Core */ = {
			isa = PBXGroup;
			children = (
				C5DDCB062C441D8C005FB70C /* TabViewController.swift */,
				C5DDCB232C444712005FB70C /* CharacterViewController.swift */,
				C5DDCB262C44473E005FB70C /* LocationViewController.swift */,
				C5DDCB282C444754005FB70C /* EpisodeViewController.swift */,
				C5DDCB2A2C44476A005FB70C /* SettingsViewController.swift */,
			);
			name = Core;
			sourceTree = "<group>";
		};
/* End PBXGroup section */

/* Begin PBXNativeTarget section */
		C5DDCAFE2C441D8C005FB70C /* ios-rick-and-morty-api */ = {
			isa = PBXNativeTarget;
			buildConfigurationList = C5DDCB132C441D8E005FB70C /* Build configuration list for PBXNativeTarget "ios-rick-and-morty-api" */;
			buildPhases = (
				C5DDCAFB2C441D8C005FB70C /* Sources */,
				C5DDCAFC2C441D8C005FB70C /* Frameworks */,
				C5DDCAFD2C441D8C005FB70C /* Resources */,
			);
			buildRules = (
			);
			dependencies = (
			);
			name = "ios-rick-and-morty-api";
			productName = "ios-rick-and-morty-api";
			productReference = C5DDCAFF2C441D8C005FB70C /* ios-rick-and-morty-api.app */;
			productType = "com.apple.product-type.application";
		};
/* End PBXNativeTarget section */

/* Begin PBXProject section */
		C5DDCAF72C441D8C005FB70C /* Project object */ = {
			isa = PBXProject;
			attributes = {
				BuildIndependentTargetsInParallel = 1;
				LastSwiftUpdateCheck = 1510;
				LastUpgradeCheck = 1510;
				TargetAttributes = {
					C5DDCAFE2C441D8C005FB70C = {
						CreatedOnToolsVersion = 15.1;
					};
				};
			};
			buildConfigurationList = C5DDCAFA2C441D8C005FB70C /* Build configuration list for PBXProject "ios-rick-and-morty-api" */;
			compatibilityVersion = "Xcode 14.0";
			developmentRegion = en;
			hasScannedForEncodings = 0;
			knownRegions = (
				en,
				Base,
			);
			mainGroup = C5DDCAF62C441D8C005FB70C;
			productRefGroup = C5DDCB002C441D8C005FB70C /* Products */;
			projectDirPath = "";
			projectRoot = "";
			targets = (
				C5DDCAFE2C441D8C005FB70C /* ios-rick-and-morty-api */,
			);
		};
/* End PBXProject section */

/* Begin PBXResourcesBuildPhase section */
		C5DDCAFD2C441D8C005FB70C /* Resources */ = {
			isa = PBXResourcesBuildPhase;
			buildActionMask = 2147483647;
			files = (
				C5DDCB0F2C441D8E005FB70C /* LaunchScreen.storyboard in Resources */,
				C5DDCB0C2C441D8E005FB70C /* Assets.xcassets in Resources */,
			);
			runOnlyForDeploymentPostprocessing = 0;
		};
/* End PBXResourcesBuildPhase section */

/* Begin PBXSourcesBuildPhase section */
		C5DDCAFB2C441D8C005FB70C /* Sources */ = {
			isa = PBXSourcesBuildPhase;
			buildActionMask = 2147483647;
			files = (
				C5DDCB272C44473E005FB70C /* LocationViewController.swift in Sources */,
				C5DDCB072C441D8C005FB70C /* TabViewController.swift in Sources */,
				C5DDCB032C441D8C005FB70C /* AppDelegate.swift in Sources */,
				C5DDCB212C4426E3005FB70C /* Character.swift in Sources */,
				C5DDCB1F2C442684005FB70C /* Location.swift in Sources */,
				C5DDCB052C441D8C005FB70C /* SceneDelegate.swift in Sources */,
				C5DDCB292C444754005FB70C /* EpisodeViewController.swift in Sources */,
				C5DDCB242C444712005FB70C /* CharacterViewController.swift in Sources */,
				C5DDCB2B2C44476A005FB70C /* SettingsViewController.swift in Sources */,
			);
			runOnlyForDeploymentPostprocessing = 0;
		};
/* End PBXSourcesBuildPhase section */

/* Begin PBXVariantGroup section */
		C5DDCB0D2C441D8E005FB70C /* LaunchScreen.storyboard */ = {
			isa = PBXVariantGroup;
			children = (
				C5DDCB0E2C441D8E005FB70C /* Base */,
			);
			name = LaunchScreen.storyboard;
			sourceTree = "<group>";
		};
/* End PBXVariantGroup section */

/* Begin XCBuildConfiguration section */
		C5DDCB112C441D8E005FB70C /* Debug */ = {
			isa = XCBuildConfiguration;
			buildSettings = {
				ALWAYS_SEARCH_USER_PATHS = NO;
				ASSETCATALOG_COMPILER_GENERATE_SWIFT_ASSET_SYMBOL_EXTENSIONS = YES;
				CLANG_ANALYZER_NONNULL = YES;
				CLANG_ANALYZER_NUMBER_OBJECT_CONVERSION = YES_AGGRESSIVE;
				CLANG_CXX_LANGUAGE_STANDARD = "gnu++20";
				CLANG_ENABLE_MODULES = YES;
				CLANG_ENABLE_OBJC_ARC = YES;
				CLANG_ENABLE_OBJC_WEAK = YES;
				CLANG_WARN_BLOCK_CAPTURE_AUTORELEASING = YES;
				CLANG_WARN_BOOL_CONVERSION = YES;
				CLANG_WARN_COMMA = YES;
				CLANG_WARN_CONSTANT_CONVERSION = YES;
				CLANG_WARN_DEPRECATED_OBJC_IMPLEMENTATIONS = YES;
				CLANG_WARN_DIRECT_OBJC_ISA_USAGE = YES_ERROR;
				CLANG_WARN_DOCUMENTATION_COMMENTS = YES;
				CLANG_WARN_EMPTY_BODY = YES;
				CLANG_WARN_ENUM_CONVERSION = YES;
				CLANG_WARN_INFINITE_RECURSION = YES;
				CLANG_WARN_INT_CONVERSION = YES;
				CLANG_WARN_NON_LITERAL_NULL_CONVERSION = YES;
				CLANG_WARN_OBJC_IMPLICIT_RETAIN_SELF = YES;
				CLANG_WARN_OBJC_LITERAL_CONVERSION = YES;
				CLANG_WARN_OBJC_ROOT_CLASS = YES_ERROR;
				CLANG_WARN_QUOTED_INCLUDE_IN_FRAMEWORK_HEADER = YES;
				CLANG_WARN_RANGE_LOOP_ANALYSIS = YES;
				CLANG_WARN_STRICT_PROTOTYPES = YES;
				CLANG_WARN_SUSPICIOUS_MOVE = YES;
				CLANG_WARN_UNGUARDED_AVAILABILITY = YES_AGGRESSIVE;
				CLANG_WARN_UNREACHABLE_CODE = YES;
				CLANG_WARN__DUPLICATE_METHOD_MATCH = YES;
				COPY_PHASE_STRIP = NO;
				DEBUG_INFORMATION_FORMAT = dwarf;
				ENABLE_STRICT_OBJC_MSGSEND = YES;
				ENABLE_TESTABILITY = YES;
				ENABLE_USER_SCRIPT_SANDBOXING = YES;
				GCC_C_LANGUAGE_STANDARD = gnu17;
				GCC_DYNAMIC_NO_PIC = NO;
				GCC_NO_COMMON_BLOCKS = YES;
				GCC_OPTIMIZATION_LEVEL = 0;
				GCC_PREPROCESSOR_DEFINITIONS = (
					"DEBUG=1",
					"$(inherited)",
				);
				GCC_WARN_64_TO_32_BIT_CONVERSION = YES;
				GCC_WARN_ABOUT_RETURN_TYPE = YES_ERROR;
				GCC_WARN_UNDECLARED_SELECTOR = YES;
				GCC_WARN_UNINITIALIZED_AUTOS = YES_AGGRESSIVE;
				GCC_WARN_UNUSED_FUNCTION = YES;
				GCC_WARN_UNUSED_VARIABLE = YES;
				IPHONEOS_DEPLOYMENT_TARGET = 17.2;
				LOCALIZATION_PREFERS_STRING_CATALOGS = YES;
				MTL_ENABLE_DEBUG_INFO = INCLUDE_SOURCE;
				MTL_FAST_MATH = YES;
				ONLY_ACTIVE_ARCH = YES;
				SDKROOT = iphoneos;
				SWIFT_ACTIVE_COMPILATION_CONDITIONS = "DEBUG $(inherited)";
				SWIFT_OPTIMIZATION_LEVEL = "-Onone";
			};
			name = Debug;
		};
		C5DDCB122C441D8E005FB70C /* Release */ = {
			isa = XCBuildConfiguration;
			buildSettings = {
				ALWAYS_SEARCH_USER_PATHS = NO;
				ASSETCATALOG_COMPILER_GENERATE_SWIFT_ASSET_SYMBOL_EXTENSIONS = YES;
				CLANG_ANALYZER_NONNULL = YES;
				CLANG_ANALYZER_NUMBER_OBJECT_CONVERSION = YES_AGGRESSIVE;
				CLANG_CXX_LANGUAGE_STANDARD = "gnu++20";
				CLANG_ENABLE_MODULES = YES;
				CLANG_ENABLE_OBJC_ARC = YES;
				CLANG_ENABLE_OBJC_WEAK = YES;
				CLANG_WARN_BLOCK_CAPTURE_AUTORELEASING = YES;
				CLANG_WARN_BOOL_CONVERSION = YES;
				CLANG_WARN_COMMA = YES;
				CLANG_WARN_CONSTANT_CONVERSION = YES;
				CLANG_WARN_DEPRECATED_OBJC_IMPLEMENTATIONS = YES;
				CLANG_WARN_DIRECT_OBJC_ISA_USAGE = YES_ERROR;
				CLANG_WARN_DOCUMENTATION_COMMENTS = YES;
				CLANG_WARN_EMPTY_BODY = YES;
				CLANG_WARN_ENUM_CONVERSION = YES;
				CLANG_WARN_INFINITE_RECURSION = YES;
				CLANG_WARN_INT_CONVERSION = YES;
				CLANG_WARN_NON_LITERAL_NULL_CONVERSION = YES;
				CLANG_WARN_OBJC_IMPLICIT_RETAIN_SELF = YES;
				CLANG_WARN_OBJC_LITERAL_CONVERSION = YES;
				CLANG_WARN_OBJC_ROOT_CLASS = YES_ERROR;
				CLANG_WARN_QUOTED_INCLUDE_IN_FRAMEWORK_HEADER = YES;
				CLANG_WARN_RANGE_LOOP_ANALYSIS = YES;
				CLANG_WARN_STRICT_PROTOTYPES = YES;
				CLANG_WARN_SUSPICIOUS_MOVE = YES;
				CLANG_WARN_UNGUARDED_AVAILABILITY = YES_AGGRESSIVE;
				CLANG_WARN_UNREACHABLE_CODE = YES;
				CLANG_WARN__DUPLICATE_METHOD_MATCH = YES;
				COPY_PHASE_STRIP = NO;
				DEBUG_INFORMATION_FORMAT = "dwarf-with-dsym";
				ENABLE_NS_ASSERTIONS = NO;
				ENABLE_STRICT_OBJC_MSGSEND = YES;
				ENABLE_USER_SCRIPT_SANDBOXING = YES;
				GCC_C_LANGUAGE_STANDARD = gnu17;
				GCC_NO_COMMON_BLOCKS = YES;
				GCC_WARN_64_TO_32_BIT_CONVERSION = YES;
				GCC_WARN_ABOUT_RETURN_TYPE = YES_ERROR;
				GCC_WARN_UNDECLARED_SELECTOR = YES;
				GCC_WARN_UNINITIALIZED_AUTOS = YES_AGGRESSIVE;
				GCC_WARN_UNUSED_FUNCTION = YES;
				GCC_WARN_UNUSED_VARIABLE = YES;
				IPHONEOS_DEPLOYMENT_TARGET = 17.2;
				LOCALIZATION_PREFERS_STRING_CATALOGS = YES;
				MTL_ENABLE_DEBUG_INFO = NO;
				MTL_FAST_MATH = YES;
				SDKROOT = iphoneos;
				SWIFT_COMPILATION_MODE = wholemodule;
				VALIDATE_PRODUCT = YES;
			};
			name = Release;
		};
		C5DDCB142C441D8E005FB70C /* Debug */ = {
			isa = XCBuildConfiguration;
			buildSettings = {
				ASSETCATALOG_COMPILER_APPICON_NAME = AppIcon;
				ASSETCATALOG_COMPILER_GLOBAL_ACCENT_COLOR_NAME = AccentColor;
				CODE_SIGN_STYLE = Automatic;
				CURRENT_PROJECT_VERSION = 1;
				DEVELOPMENT_TEAM = 3WCRY3V74S;
				GENERATE_INFOPLIST_FILE = YES;
				INFOPLIST_FILE = "ios-rick-and-morty-api/Info.plist";
				INFOPLIST_KEY_UIApplicationSupportsIndirectInputEvents = YES;
				INFOPLIST_KEY_UILaunchStoryboardName = LaunchScreen;
				INFOPLIST_KEY_UISupportedInterfaceOrientations_iPad = "UIInterfaceOrientationPortrait UIInterfaceOrientationPortraitUpsideDown UIInterfaceOrientationLandscapeLeft UIInterfaceOrientationLandscapeRight";
				INFOPLIST_KEY_UISupportedInterfaceOrientations_iPhone = "UIInterfaceOrientationPortrait UIInterfaceOrientationLandscapeLeft UIInterfaceOrientationLandscapeRight";
				LD_RUNPATH_SEARCH_PATHS = (
					"$(inherited)",
					"@executable_path/Frameworks",
				);
				MARKETING_VERSION = 1.0;
				PRODUCT_BUNDLE_IDENTIFIER = "com.ocp.ios-rick-and-morty-api";
				PRODUCT_NAME = "$(TARGET_NAME)";
				SWIFT_EMIT_LOC_STRINGS = YES;
				SWIFT_VERSION = 5.0;
				TARGETED_DEVICE_FAMILY = "1,2";
			};
			name = Debug;
		};
		C5DDCB152C441D8E005FB70C /* Release */ = {
			isa = XCBuildConfiguration;
			buildSettings = {
				ASSETCATALOG_COMPILER_APPICON_NAME = AppIcon;
				ASSETCATALOG_COMPILER_GLOBAL_ACCENT_COLOR_NAME = AccentColor;
				CODE_SIGN_STYLE = Automatic;
				CURRENT_PROJECT_VERSION = 1;
				DEVELOPMENT_TEAM = 3WCRY3V74S;
				GENERATE_INFOPLIST_FILE = YES;
				INFOPLIST_FILE = "ios-rick-and-morty-api/Info.plist";
				INFOPLIST_KEY_UIApplicationSupportsIndirectInputEvents = YES;
				INFOPLIST_KEY_UILaunchStoryboardName = LaunchScreen;
				INFOPLIST_KEY_UISupportedInterfaceOrientations_iPad = "UIInterfaceOrientationPortrait UIInterfaceOrientationPortraitUpsideDown UIInterfaceOrientationLandscapeLeft UIInterfaceOrientationLandscapeRight";
				INFOPLIST_KEY_UISupportedInterfaceOrientations_iPhone = "UIInterfaceOrientationPortrait UIInterfaceOrientationLandscapeLeft UIInterfaceOrientationLandscapeRight";
				LD_RUNPATH_SEARCH_PATHS = (
					"$(inherited)",
					"@executable_path/Frameworks",
				);
				MARKETING_VERSION = 1.0;
				PRODUCT_BUNDLE_IDENTIFIER = "com.ocp.ios-rick-and-morty-api";
				PRODUCT_NAME = "$(TARGET_NAME)";
				SWIFT_EMIT_LOC_STRINGS = YES;
				SWIFT_VERSION = 5.0;
				TARGETED_DEVICE_FAMILY = "1,2";
			};
			name = Release;
		};
/* End XCBuildConfiguration section */

/* Begin XCConfigurationList section */
		C5DDCAFA2C441D8C005FB70C /* Build configuration list for PBXProject "ios-rick-and-morty-api" */ = {
			isa = XCConfigurationList;
			buildConfigurations = (
				C5DDCB112C441D8E005FB70C /* Debug */,
				C5DDCB122C441D8E005FB70C /* Release */,
			);
			defaultConfigurationIsVisible = 0;
			defaultConfigurationName = Release;
		};
		C5DDCB132C441D8E005FB70C /* Build configuration list for PBXNativeTarget "ios-rick-and-morty-api" */ = {
			isa = XCConfigurationList;
			buildConfigurations = (
				C5DDCB142C441D8E005FB70C /* Debug */,
				C5DDCB152C441D8E005FB70C /* Release */,
			);
			defaultConfigurationIsVisible = 0;
			defaultConfigurationName = Release;
		};
/* End XCConfigurationList section */
	};
	rootObject = C5DDCAF72C441D8C005FB70C /* Project object */;
}
